
Microsoft Visual Studio Solution File, Format Version 12.00
# Visual Studio 15
VisualStudioVersion = 15.0.28306.52
MinimumVisualStudioVersion = 10.0.40219.1
Project("{FAE04EC0-301F-11D3-BF4B-00C04F79EFBC}") = "WindowsFormsApp1", "WindowsFormsApp1\WindowsFormsApp1.csproj", "{AC454957-EB7B-4595-9F00-4B4C3FB3E042}"
EndProject
Global
	GlobalSection(SolutionConfigurationPlatforms) = preSolution
		Debug|Any CPU = Debug|Any CPU
		Release|Any CPU = Release|Any CPU
	EndGlobalSection
	GlobalSection(ProjectConfigurationPlatforms) = postSolution
		{AC454957-EB7B-4595-9F00-4B4C3FB3E042}.Debug|Any CPU.ActiveCfg = Debug|Any CPU
		{AC454957-EB7B-4595-9F00-4B4C3FB3E042}.Debug|Any CPU.Build.0 = Debug|Any CPU
		{AC454957-EB7B-4595-9F00-4B4C3FB3E042}.Release|Any CPU.ActiveCfg = Release|Any CPU
		{AC454957-EB7B-4595-9F00-4B4C3FB3E042}.Release|Any CPU.Build.0 = Release|Any CPU
	EndGlobalSection
	GlobalSection(SolutionProperties) = preSolution
		HideSolutionNode = FALSE
	EndGlobalSection
	GlobalSection(ExtensibilityGlobals) = postSolution
		SolutionGuid = {81E0B4A6-0971-4536-8DF5-BD08E659CE65}
	EndGlobalSection
EndGlobal
